# This file is automatically @generated by Cargo.
# It is not intended for manual editing.
version = 4

[[package]]
name = "use-test"
version = "0.1.0"
dependencies = [
 "use-test-assertion",
 "use-test-case",
 "use-test-expectation",
 "use-test-fixture",
 "use-test-outcome",
 "use-test-report",
 "use-test-snapshot",
 "use-test-status",
 "use-test-suite",
]

[[package]]
name = "use-test-assertion"
version = "0.1.0"

[[package]]
name = "use-test-case"
version = "0.1.0"

[[package]]
name = "use-test-expectation"
version = "0.1.0"

[[package]]
name = "use-test-fixture"
version = "0.1.0"

[[package]]
name = "use-test-outcome"
version = "0.1.0"

[[package]]
name = "use-test-report"
version = "0.1.0"

[[package]]
name = "use-test-snapshot"
version = "0.1.0"

[[package]]
name = "use-test-status"
version = "0.1.0"

[[package]]
name = "use-test-suite"
version = "0.1.0"
